
Microsoft Visual Studio Solution File, Format Version 12.00
# Visual Studio Version 16
VisualStudioVersion = 16.0.31112.23
MinimumVisualStudioVersion = 10.0.40219.1
Project("{FAE04EC0-301F-11D3-BF4B-00C04F79EFBC}") = "Calcular", "Calcular\Calcular.csproj", "{ADDE9117-3B29-4335-BF37-2CE60785D358}"
EndProject
Global
	GlobalSection(SolutionConfigurationPlatforms) = preSolution
		Debug|Any CPU = Debug|Any CPU
		Release|Any CPU = Release|Any CPU
	EndGlobalSection
	GlobalSection(ProjectConfigurationPlatforms) = postSolution
		{ADDE9117-3B29-4335-BF37-2CE60785D358}.Debug|Any CPU.ActiveCfg = Debug|Any CPU
		{ADDE9117-3B29-4335-BF37-2CE60785D358}.Debug|Any CPU.Build.0 = Debug|Any CPU
		{ADDE9117-3B29-4335-BF37-2CE60785D358}.Release|Any CPU.ActiveCfg = Release|Any CPU
		{ADDE9117-3B29-4335-BF37-2CE60785D358}.Release|Any CPU.Build.0 = Release|Any CPU
	EndGlobalSection
	GlobalSection(SolutionProperties) = preSolution
		HideSolutionNode = FALSE
	EndGlobalSection
	GlobalSection(ExtensibilityGlobals) = postSolution
		SolutionGuid = {0B6B8203-5F3A-48DE-9FA6-94888DEA3259}
	EndGlobalSection
EndGlobal
